
Microsoft Visual Studio Solution File, Format Version 12.00
# Visual Studio Version 16
VisualStudioVersion = 16.0.29728.190
MinimumVisualStudioVersion = 10.0.40219.1
Project("{FAE04EC0-301F-11D3-BF4B-00C04F79EFBC}") = "iSeries.NET", "iSeries.NET\iSeries.NET.csproj", "{0D14EDF6-F717-440F-900D-56180AC50AEF}"
EndProject
Project("{FAE04EC0-301F-11D3-BF4B-00C04F79EFBC}") = "iSeries.NET.Tests", "iSeries.NET.Tests\iSeries.NET.Tests.csproj", "{31D27398-AEF9-4AF4-87FA-76894AFC041E}"
EndProject
Project("{2150E333-8FDC-42A3-9474-1A3956D46DE8}") = "Solution Items", "Solution Items", "{CBFF18F2-6221-4A2F-8E3C-719B868449AA}"
	ProjectSection(SolutionItems) = preProject
		.editorconfig = .editorconfig
	EndProjectSection
EndProject
Global
	GlobalSection(SolutionConfigurationPlatforms) = preSolution
		Debug|Any CPU = Debug|Any CPU
		Release|Any CPU = Release|Any CPU
	EndGlobalSection
	GlobalSection(ProjectConfigurationPlatforms) = postSolution
		{0D14EDF6-F717-440F-900D-56180AC50AEF}.Debug|Any CPU.ActiveCfg = Debug|Any CPU
		{0D14EDF6-F717-440F-900D-56180AC50AEF}.Debug|Any CPU.Build.0 = Debug|Any CPU
		{0D14EDF6-F717-440F-900D-56180AC50AEF}.Release|Any CPU.ActiveCfg = Release|Any CPU
		{0D14EDF6-F717-440F-900D-56180AC50AEF}.Release|Any CPU.Build.0 = Release|Any CPU
		{31D27398-AEF9-4AF4-87FA-76894AFC041E}.Debug|Any CPU.ActiveCfg = Debug|Any CPU
		{31D27398-AEF9-4AF4-87FA-76894AFC041E}.Debug|Any CPU.Build.0 = Debug|Any CPU
		{31D27398-AEF9-4AF4-87FA-76894AFC041E}.Release|Any CPU.ActiveCfg = Release|Any CPU
		{31D27398-AEF9-4AF4-87FA-76894AFC041E}.Release|Any CPU.Build.0 = Release|Any CPU
	EndGlobalSection
	GlobalSection(SolutionProperties) = preSolution
		HideSolutionNode = FALSE
	EndGlobalSection
	GlobalSection(ExtensibilityGlobals) = postSolution
		SolutionGuid = {1F9E25D7-29BC-453B-B5F4-0AB95AC615F5}
	EndGlobalSection
EndGlobal
